
Microsoft Visual Studio Solution File, Format Version 12.00
# Visual Studio Version 16
VisualStudioVersion = 16.0.31205.134
MinimumVisualStudioVersion = 10.0.40219.1
Project("{FAE04EC0-301F-11D3-BF4B-00C04F79EFBC}") = "Conversions", "Conversions\Conversions.csproj", "{7609898D-8C49-4DC8-B183-58CAF478F328}"
EndProject
Global
	GlobalSection(SolutionConfigurationPlatforms) = preSolution
		Debug|Any CPU = Debug|Any CPU
		Release|Any CPU = Release|Any CPU
	EndGlobalSection
	GlobalSection(ProjectConfigurationPlatforms) = postSolution
		{7609898D-8C49-4DC8-B183-58CAF478F328}.Debug|Any CPU.ActiveCfg = Debug|Any CPU
		{7609898D-8C49-4DC8-B183-58CAF478F328}.Debug|Any CPU.Build.0 = Debug|Any CPU
		{7609898D-8C49-4DC8-B183-58CAF478F328}.Release|Any CPU.ActiveCfg = Release|Any CPU
		{7609898D-8C49-4DC8-B183-58CAF478F328}.Release|Any CPU.Build.0 = Release|Any CPU
	EndGlobalSection
	GlobalSection(SolutionProperties) = preSolution
		HideSolutionNode = FALSE
	EndGlobalSection
	GlobalSection(ExtensibilityGlobals) = postSolution
		SolutionGuid = {C6239B4D-0DB2-43A9-A958-ADEAF6E9F428}
	EndGlobalSection
EndGlobal
